
Microsoft Visual Studio Solution File, Format Version 12.00
# Visual Studio Version 17
VisualStudioVersion = 17.11.35327.3
MinimumVisualStudioVersion = 10.0.40219.1
Project("{8BC9CEB8-8B4A-11D0-8D11-00A0C91BC942}") = "platformer", "platformer.vcxproj", "{A399F4D0-54FE-449A-9D3B-12CDD0BCE0D1}"
EndProject
Global
	GlobalSection(SolutionConfigurationPlatforms) = preSolution
		Debug|x64 = Debug|x64
		Debug|x86 = Debug|x86
		Release|x64 = Release|x64
		Release|x86 = Release|x86
	EndGlobalSection
	GlobalSection(ProjectConfigurationPlatforms) = postSolution
		{A399F4D0-54FE-449A-9D3B-12CDD0BCE0D1}.Debug|x64.ActiveCfg = Debug|x64
		{A399F4D0-54FE-449A-9D3B-12CDD0BCE0D1}.Debug|x64.Build.0 = Debug|x64
		{A399F4D0-54FE-449A-9D3B-12CDD0BCE0D1}.Debug|x86.ActiveCfg = Debug|Win32
		{A399F4D0-54FE-449A-9D3B-12CDD0BCE0D1}.Debug|x86.Build.0 = Debug|Win32
		{A399F4D0-54FE-449A-9D3B-12CDD0BCE0D1}.Release|x64.ActiveCfg = Release|x64
		{A399F4D0-54FE-449A-9D3B-12CDD0BCE0D1}.Release|x64.Build.0 = Release|x64
		{A399F4D0-54FE-449A-9D3B-12CDD0BCE0D1}.Release|x86.ActiveCfg = Release|Win32
		{A399F4D0-54FE-449A-9D3B-12CDD0BCE0D1}.Release|x86.Build.0 = Release|Win32
	EndGlobalSection
	GlobalSection(SolutionProperties) = preSolution
		HideSolutionNode = FALSE
	EndGlobalSection
	GlobalSection(ExtensibilityGlobals) = postSolution
		SolutionGuid = {B691EB63-2DC0-4A73-BC43-BA0DB2D41261}
	EndGlobalSection
EndGlobal
